// !$*UTF8*$!
{
	archiveVersion = 1;
	classes = {
	};
	objectVersion = 48;
	objects = {

/* Begin PBXBuildFile section */
		1D031A8A20C962FE00543AC2 /* BNRItem.m in Sources */ = {isa = PBXBuildFile; fileRef = 1D031A8920C962FE00543AC2 /* BNRItem.m */; };
		1D10C8B620DC9AEA008FCB35 /* BNRDetailViewController.m in Sources */ = {isa = PBXBuildFile; fileRef = 1D10C8B420DC9AEA008FCB35 /* BNRDetailViewController.m */; };
		1D10C8B720DC9AEA008FCB35 /* BNRDetailViewController.xib in Resources */ = {isa = PBXBuildFile; fileRef = 1D10C8B520DC9AEA008FCB35 /* BNRDetailViewController.xib */; };
		1D5F71A120DDF5F30042089A /* BNRImageStore.m in Sources */ = {isa = PBXBuildFile; fileRef = 1D5F71A020DDF5F30042089A /* BNRImageStore.m */; };
		1D6FBC4320C9085B00FF5675 /* AppDelegate.m in Sources */ = {isa = PBXBuildFile; fileRef = 1D6FBC4220C9085B00FF5675 /* AppDelegate.m */; };
		1D6FBC4620C9085B00FF5675 /* ViewController.m in Sources */ = {isa = PBXBuildFile; fileRef = 1D6FBC4520C9085B00FF5675 /* ViewController.m */; };
		1D6FBC4920C9085B00FF5675 /* Main.storyboard in Resources */ = {isa = PBXBuildFile; fileRef = 1D6FBC4720C9085B00FF5675 /* Main.storyboard */; };
		1D6FBC4B20C9085B00FF5675 /* Assets.xcassets in Resources */ = {isa = PBXBuildFile; fileRef = 1D6FBC4A20C9085B00FF5675 /* Assets.xcassets */; };
		1D6FBC4E20C9085B00FF5675 /* LaunchScreen.storyboard in Resources */ = {isa = PBXBuildFile; fileRef = 1D6FBC4C20C9085B00FF5675 /* LaunchScreen.storyboard */; };
		1D6FBC5120C9085B00FF5675 /* main.m in Sources */ = {isa = PBXBuildFile; fileRef = 1D6FBC5020C9085B00FF5675 /* main.m */; };
		1DA7001420D8A430003767F4 /* BNRItemsViewController.m in Sources */ = {isa = PBXBuildFile; fileRef = 1DA7001320D8A430003767F4 /* BNRItemsViewController.m */; };
		1DA7001720D8A79F003767F4 /* BNRItemStore.m in Sources */ = {isa = PBXBuildFile; fileRef = 1DA7001620D8A79F003767F4 /* BNRItemStore.m */; };
		1DCA1F4420D9F80F002B0D5B /* BNRItemsHeaderController.m in Sources */ = {isa = PBXBuildFile; fileRef = 1DCA1F4320D9F80F002B0D5B /* BNRItemsHeaderController.m */; };
		1DCA1F4620D9FAC1002B0D5B /* HeaderView.xib in Resources */ = {isa = PBXBuildFile; fileRef = 1DCA1F4520D9FAC1002B0D5B /* HeaderView.xib */; };
/* End PBXBuildFile section */

/* Begin PBXFileReference section */
		1D031A8820C962FE00543AC2 /* BNRItem.h */ = {isa = PBXFileReference; fileEncoding = 4; lastKnownFileType = sourcecode.c.h; path = BNRItem.h; sourceTree = "<group>"; };
		1D031A8920C962FE00543AC2 /* BNRItem.m */ = {isa = PBXFileReference; fileEncoding = 4; lastKnownFileType = sourcecode.c.objc; path = BNRItem.m; sourceTree = "<group>"; };
		1D10C8B320DC9AEA008FCB35 /* BNRDetailViewController.h */ = {isa = PBXFileReference; lastKnownFileType = sourcecode.c.h; path = BNRDetailViewController.h; sourceTree = "<group>"; };
		1D10C8B420DC9AEA008FCB35 /* BNRDetailViewController.m */ = {isa = PBXFileReference; lastKnownFileType = sourcecode.c.objc; path = BNRDetailViewController.m; sourceTree = "<group>"; };
		1D10C8B520DC9AEA008FCB35 /* BNRDetailViewController.xib */ = {isa = PBXFileReference; lastKnownFileType = file.xib; path = BNRDetailViewController.xib; sourceTree = "<group>"; };
		1D5F719F20DDF5F30042089A /* BNRImageStore.h */ = {isa = PBXFileReference; lastKnownFileType = sourcecode.c.h; path = BNRImageStore.h; sourceTree = "<group>"; };
		1D5F71A020DDF5F30042089A /* BNRImageStore.m */ = {isa = PBXFileReference; lastKnownFileType = sourcecode.c.objc; path = BNRImageStore.m; sourceTree = "<group>"; };
		1D6FBC3E20C9085B00FF5675 /* Homepwner.app */ = {isa = PBXFileReference; explicitFileType = wrapper.application; includeInIndex = 0; path = Homepwner.app; sourceTree = BUILT_PRODUCTS_DIR; };
		1D6FBC4120C9085B00FF5675 /* AppDelegate.h */ = {isa = PBXFileReference; lastKnownFileType = sourcecode.c.h; path = AppDelegate.h; sourceTree = "<group>"; };
		1D6FBC4220C9085B00FF5675 /* AppDelegate.m */ = {isa = PBXFileReference; lastKnownFileType = sourcecode.c.objc; path = AppDelegate.m; sourceTree = "<group>"; };
		1D6FBC4420C9085B00FF5675 /* ViewController.h */ = {isa = PBXFileReference; lastKnownFileType = sourcecode.c.h; path = ViewController.h; sourceTree = "<group>"; };
		1D6FBC4520C9085B00FF5675 /* ViewController.m */ = {isa = PBXFileReference; lastKnownFileType = sourcecode.c.objc; path = ViewController.m; sourceTree = "<group>"; };
		1D6FBC4820C9085B00FF5675 /* Base */ = {isa = PBXFileReference; lastKnownFileType = file.storyboard; name = Base; path = Base.lproj/Main.storyboard; sourceTree = "<group>"; };
		1D6FBC4A20C9085B00FF5675 /* Assets.xcassets */ = {isa = PBXFileReference; lastKnownFileType = folder.assetcatalog; path = Assets.xcassets; sourceTree = "<group>"; };
		1D6FBC4D20C9085B00FF5675 /* Base */ = {isa = PBXFileReference; lastKnownFileType = file.storyboard; name = Base; path = Base.lproj/LaunchScreen.storyboard; sourceTree = "<group>"; };
		1D6FBC4F20C9085B00FF5675 /* Info.plist */ = {isa = PBXFileReference; lastKnownFileType = text.plist.xml; path = Info.plist; sourceTree = "<group>"; };
		1D6FBC5020C9085B00FF5675 /* main.m */ = {isa = PBXFileReference; lastKnownFileType = sourcecode.c.objc; path = main.m; sourceTree = "<group>"; };
		1DA7001220D8A430003767F4 /* BNRItemsViewController.h */ = {isa = PBXFileReference; lastKnownFileType = sourcecode.c.h; path = BNRItemsViewController.h; sourceTree = "<group>"; };
		1DA7001320D8A430003767F4 /* BNRItemsViewController.m */ = {isa = PBXFileReference; lastKnownFileType = sourcecode.c.objc; path = BNRItemsViewController.m; sourceTree = "<group>"; };
		1DA7001520D8A79F003767F4 /* BNRItemStore.h */ = {isa = PBXFileReference; lastKnownFileType = sourcecode.c.h; path = BNRItemStore.h; sourceTree = "<group>"; };
		1DA7001620D8A79F003767F4 /* BNRItemStore.m */ = {isa = PBXFileReference; lastKnownFileType = sourcecode.c.objc; path = BNRItemStore.m; sourceTree = "<group>"; };
		1DCA1F4220D9F80F002B0D5B /* BNRItemsHeaderController.h */ = {isa = PBXFileReference; lastKnownFileType = sourcecode.c.h; path = BNRItemsHeaderController.h; sourceTree = "<group>"; };
		1DCA1F4320D9F80F002B0D5B /* BNRItemsHeaderController.m */ = {isa = PBXFileReference; lastKnownFileType = sourcecode.c.objc; path = BNRItemsHeaderController.m; sourceTree = "<group>"; };
		1DCA1F4520D9FAC1002B0D5B /* HeaderView.xib */ = {isa = PBXFileReference; lastKnownFileType = file.xib; path = HeaderView.xib; sourceTree = "<group>"; };
/* End PBXFileReference section */

/* Begin PBXFrameworksBuildPhase section */
		1D6FBC3B20C9085B00FF5675 /* Frameworks */ = {
			isa = PBXFrameworksBuildPhase;
			buildActionMask = 2147483647;
			files = (
			);
			runOnlyForDeploymentPostprocessing = 0;
		};
/* End PBXFrameworksBuildPhase section */

/* Begin PBXGroup section */
		1D6FBC3520C9085B00FF5675 = {
			isa = PBXGroup;
			children = (
				1D6FBC4020C9085B00FF5675 /* Homepwner */,
				1D6FBC3F20C9085B00FF5675 /* Products */,
			);
			sourceTree = "<group>";
		};
		1D6FBC3F20C9085B00FF5675 /* Products */ = {
			isa = PBXGroup;
			children = (
				1D6FBC3E20C9085B00FF5675 /* Homepwner.app */,
			);
			name = Products;
			sourceTree = "<group>";
		};
		1D6FBC4020C9085B00FF5675 /* Homepwner */ = {
			isa = PBXGroup;
			children = (
				1D6FBC4120C9085B00FF5675 /* AppDelegate.h */,
				1DA7001220D8A430003767F4 /* BNRItemsViewController.h */,
				1DA7001320D8A430003767F4 /* BNRItemsViewController.m */,
				1DCA1F4520D9FAC1002B0D5B /* HeaderView.xib */,
				1D6FBC4220C9085B00FF5675 /* AppDelegate.m */,
				1D6FBC4420C9085B00FF5675 /* ViewController.h */,
				1D6FBC4520C9085B00FF5675 /* ViewController.m */,
				1D6FBC4720C9085B00FF5675 /* Main.storyboard */,
				1D6FBC4A20C9085B00FF5675 /* Assets.xcassets */,
				1D6FBC4C20C9085B00FF5675 /* LaunchScreen.storyboard */,
				1D6FBC4F20C9085B00FF5675 /* Info.plist */,
				1D6FBC5020C9085B00FF5675 /* main.m */,
				1D031A8820C962FE00543AC2 /* BNRItem.h */,
				1D031A8920C962FE00543AC2 /* BNRItem.m */,
				1DA7001520D8A79F003767F4 /* BNRItemStore.h */,
				1DA7001620D8A79F003767F4 /* BNRItemStore.m */,
				1DCA1F4220D9F80F002B0D5B /* BNRItemsHeaderController.h */,
				1DCA1F4320D9F80F002B0D5B /* BNRItemsHeaderController.m */,
				1D10C8B320DC9AEA008FCB35 /* BNRDetailViewController.h */,
				1D10C8B420DC9AEA008FCB35 /* BNRDetailViewController.m */,
				1D10C8B520DC9AEA008FCB35 /* BNRDetailViewController.xib */,
				1D5F719F20DDF5F30042089A /* BNRImageStore.h */,
				1D5F71A020DDF5F30042089A /* BNRImageStore.m */,
			);
			path = Homepwner;
			sourceTree = "<group>";
		};
/* End PBXGroup section */

/* Begin PBXNativeTarget section */
		1D6FBC3D20C9085B00FF5675 /* Homepwner */ = {
			isa = PBXNativeTarget;
			buildConfigurationList = 1D6FBC5420C9085B00FF5675 /* Build configuration list for PBXNativeTarget "Homepwner" */;
			buildPhases = (
				1D6FBC3A20C9085B00FF5675 /* Sources */,
				1D6FBC3B20C9085B00FF5675 /* Frameworks */,
				1D6FBC3C20C9085B00FF5675 /* Resources */,
			);
			buildRules = (
			);
			dependencies = (
			);
			name = Homepwner;
			productName = Homepwner;
			productReference = 1D6FBC3E20C9085B00FF5675 /* Homepwner.app */;
			productType = "com.apple.product-type.application";
		};
/* End PBXNativeTarget section */

/* Begin PBXProject section */
		1D6FBC3620C9085B00FF5675 /* Project object */ = {
			isa = PBXProject;
			attributes = {
				LastUpgradeCheck = 0920;
				ORGANIZATIONNAME = xiaobo;
				TargetAttributes = {
					1D6FBC3D20C9085B00FF5675 = {
						CreatedOnToolsVersion = 9.2;
						ProvisioningStyle = Automatic;
					};
				};
			};
			buildConfigurationList = 1D6FBC3920C9085B00FF5675 /* Build configuration list for PBXProject "Homepwner" */;
			compatibilityVersion = "Xcode 8.0";
			developmentRegion = en;
			hasScannedForEncodings = 0;
			knownRegions = (
				en,
				Base,
			);
			mainGroup = 1D6FBC3520C9085B00FF5675;
			productRefGroup = 1D6FBC3F20C9085B00FF5675 /* Products */;
			projectDirPath = "";
			projectRoot = "";
			targets = (
				1D6FBC3D20C9085B00FF5675 /* Homepwner */,
			);
		};
/* End PBXProject section */

/* Begin PBXResourcesBuildPhase section */
		1D6FBC3C20C9085B00FF5675 /* Resources */ = {
			isa = PBXResourcesBuildPhase;
			buildActionMask = 2147483647;
			files = (
				1D6FBC4E20C9085B00FF5675 /* LaunchScreen.storyboard in Resources */,
				1D6FBC4B20C9085B00FF5675 /* Assets.xcassets in Resources */,
				1D6FBC4920C9085B00FF5675 /* Main.storyboard in Resources */,
				1DCA1F4620D9FAC1002B0D5B /* HeaderView.xib in Resources */,
				1D10C8B720DC9AEA008FCB35 /* BNRDetailViewController.xib in Resources */,
			);
			runOnlyForDeploymentPostprocessing = 0;
		};
/* End PBXResourcesBuildPhase section */

/* Begin PBXSourcesBuildPhase section */
		1D6FBC3A20C9085B00FF5675 /* Sources */ = {
			isa = PBXSourcesBuildPhase;
			buildActionMask = 2147483647;
			files = (
				1D10C8B620DC9AEA008FCB35 /* BNRDetailViewController.m in Sources */,
				1DA7001420D8A430003767F4 /* BNRItemsViewController.m in Sources */,
				1D5F71A120DDF5F30042089A /* BNRImageStore.m in Sources */,
				1D6FBC4620C9085B00FF5675 /* ViewController.m in Sources */,
				1D6FBC5120C9085B00FF5675 /* main.m in Sources */,
				1DCA1F4420D9F80F002B0D5B /* BNRItemsHeaderController.m in Sources */,
				1D031A8A20C962FE00543AC2 /* BNRItem.m in Sources */,
				1D6FBC4320C9085B00FF5675 /* AppDelegate.m in Sources */,
				1DA7001720D8A79F003767F4 /* BNRItemStore.m in Sources */,
			);
			runOnlyForDeploymentPostprocessing = 0;
		};
/* End PBXSourcesBuildPhase section */

/* Begin PBXVariantGroup section */
		1D6FBC4720C9085B00FF5675 /* Main.storyboard */ = {
			isa = PBXVariantGroup;
			children = (
				1D6FBC4820C9085B00FF5675 /* Base */,
			);
			name = Main.storyboard;
			sourceTree = "<group>";
		};
		1D6FBC4C20C9085B00FF5675 /* LaunchScreen.storyboard */ = {
			isa = PBXVariantGroup;
			children = (
				1D6FBC4D20C9085B00FF5675 /* Base */,
			);
			name = LaunchScreen.storyboard;
			sourceTree = "<group>";
		};
/* End PBXVariantGroup section */

/* Begin XCBuildConfiguration section */
		1D6FBC5220C9085B00FF5675 /* Debug */ = {
			isa = XCBuildConfiguration;
			buildSettings = {
				ALWAYS_SEARCH_USER_PATHS = NO;
				CLANG_ANALYZER_NONNULL = YES;
				CLANG_ANALYZER_NUMBER_OBJECT_CONVERSION = YES_AGGRESSIVE;
				CLANG_CXX_LANGUAGE_STANDARD = "gnu++14";
				CLANG_CXX_LIBRARY = "libc++";
				CLANG_ENABLE_MODULES = YES;
				CLANG_ENABLE_OBJC_ARC = YES;
				CLANG_WARN_BLOCK_CAPTURE_AUTORELEASING = YES;
				CLANG_WARN_BOOL_CONVERSION = YES;
				CLANG_WARN_COMMA = YES;
				CLANG_WARN_CONSTANT_CONVERSION = YES;
				CLANG_WARN_DIRECT_OBJC_ISA_USAGE = YES_ERROR;
				CLANG_WARN_DOCUMENTATION_COMMENTS = YES;
				CLANG_WARN_EMPTY_BODY = YES;
				CLANG_WARN_ENUM_CONVERSION = YES;
				CLANG_WARN_INFINITE_RECURSION = YES;
				CLANG_WARN_INT_CONVERSION = YES;
				CLANG_WARN_NON_LITERAL_NULL_CONVERSION = YES;
				CLANG_WARN_OBJC_LITERAL_CONVERSION = YES;
				CLANG_WARN_OBJC_ROOT_CLASS = YES_ERROR;
				CLANG_WARN_RANGE_LOOP_ANALYSIS = YES;
				CLANG_WARN_STRICT_PROTOTYPES = YES;
				CLANG_WARN_SUSPICIOUS_MOVE = YES;
				CLANG_WARN_UNGUARDED_AVAILABILITY = YES_AGGRESSIVE;
				CLANG_WARN_UNREACHABLE_CODE = YES;
				CLANG_WARN__DUPLICATE_METHOD_MATCH = YES;
				CODE_SIGN_IDENTITY = "iPhone Developer";
				COPY_PHASE_STRIP = NO;
				DEBUG_INFORMATION_FORMAT = dwarf;
				ENABLE_STRICT_OBJC_MSGSEND = YES;
				ENABLE_TESTABILITY = YES;
				GCC_C_LANGUAGE_STANDARD = gnu11;
				GCC_DYNAMIC_NO_PIC = NO;
				GCC_NO_COMMON_BLOCKS = YES;
				GCC_OPTIMIZATION_LEVEL = 0;
				GCC_PREPROCESSOR_DEFINITIONS = (
					"DEBUG=1",
					"$(inherited)",
				);
				GCC_WARN_64_TO_32_BIT_CONVERSION = YES;
				GCC_WARN_ABOUT_RETURN_TYPE = YES_ERROR;
				GCC_WARN_UNDECLARED_SELECTOR = YES;
				GCC_WARN_UNINITIALIZED_AUTOS = YES_AGGRESSIVE;
				GCC_WARN_UNUSED_FUNCTION = YES;
				GCC_WARN_UNUSED_VARIABLE = YES;
				IPHONEOS_DEPLOYMENT_TARGET = 11.2;
				MTL_ENABLE_DEBUG_INFO = YES;
				ONLY_ACTIVE_ARCH = YES;
				SDKROOT = iphoneos;
			};
			name = Debug;
		};
		1D6FBC5320C9085B00FF5675 /* Release */ = {
			isa = XCBuildConfiguration;
			buildSettings = {
				ALWAYS_SEARCH_USER_PATHS = NO;
				CLANG_ANALYZER_NONNULL = YES;
				CLANG_ANALYZER_NUMBER_OBJECT_CONVERSION = YES_AGGRESSIVE;
				CLANG_CXX_LANGUAGE_STANDARD = "gnu++14";
				CLANG_CXX_LIBRARY = "libc++";
				CLANG_ENABLE_MODULES = YES;
				CLANG_ENABLE_OBJC_ARC = YES;
				CLANG_WARN_BLOCK_CAPTURE_AUTORELEASING = YES;
				CLANG_WARN_BOOL_CONVERSION = YES;
				CLANG_WARN_COMMA = YES;
				CLANG_WARN_CONSTANT_CONVERSION = YES;
				CLANG_WARN_DIRECT_OBJC_ISA_USAGE = YES_ERROR;
				CLANG_WARN_DOCUMENTATION_COMMENTS = YES;
				CLANG_WARN_EMPTY_BODY = YES;
				CLANG_WARN_ENUM_CONVERSION = YES;
				CLANG_WARN_INFINITE_RECURSION = YES;
				CLANG_WARN_INT_CONVERSION = YES;
				CLANG_WARN_NON_LITERAL_NULL_CONVERSION = YES;
				CLANG_WARN_OBJC_LITERAL_CONVERSION = YES;
				CLANG_WARN_OBJC_ROOT_CLASS = YES_ERROR;
				CLANG_WARN_RANGE_LOOP_ANALYSIS = YES;
				CLANG_WARN_STRICT_PROTOTYPES = YES;
				CLANG_WARN_SUSPICIOUS_MOVE = YES;
				CLANG_WARN_UNGUARDED_AVAILABILITY = YES_AGGRESSIVE;
				CLANG_WARN_UNREACHABLE_CODE = YES;
				CLANG_WARN__DUPLICATE_METHOD_MATCH = YES;
				CODE_SIGN_IDENTITY = "iPhone Developer";
				COPY_PHASE_STRIP = NO;
				DEBUG_INFORMATION_FORMAT = "dwarf-with-dsym";
				ENABLE_NS_ASSERTIONS = NO;
				ENABLE_STRICT_OBJC_MSGSEND = YES;
				GCC_C_LANGUAGE_STANDARD = gnu11;
				GCC_NO_COMMON_BLOCKS = YES;
				GCC_WARN_64_TO_32_BIT_CONVERSION = YES;
				GCC_WARN_ABOUT_RETURN_TYPE = YES_ERROR;
				GCC_WARN_UNDECLARED_SELECTOR = YES;
				GCC_WARN_UNINITIALIZED_AUTOS = YES_AGGRESSIVE;
				GCC_WARN_UNUSED_FUNCTION = YES;
				GCC_WARN_UNUSED_VARIABLE = YES;
				IPHONEOS_DEPLOYMENT_TARGET = 11.2;
				MTL_ENABLE_DEBUG_INFO = NO;
				SDKROOT = iphoneos;
				VALIDATE_PRODUCT = YES;
			};
			name = Release;
		};
		1D6FBC5520C9085B00FF5675 /* Debug */ = {
			isa = XCBuildConfiguration;
			buildSettings = {
				ASSETCATALOG_COMPILER_APPICON_NAME = AppIcon;
				CODE_SIGN_STYLE = Automatic;
				DEVELOPMENT_TEAM = 5DU5SP7K29;
				INFOPLIST_FILE = Homepwner/Info.plist;
				LD_RUNPATH_SEARCH_PATHS = "$(inherited) @executable_path/Frameworks";
				PRODUCT_BUNDLE_IDENTIFIER = de.Homepwner;
				PRODUCT_NAME = "$(TARGET_NAME)";
				TARGETED_DEVICE_FAMILY = "1,2";
			};
			name = Debug;
		};
		1D6FBC5620C9085B00FF5675 /* Release */ = {
			isa = XCBuildConfiguration;
			buildSettings = {
				ASSETCATALOG_COMPILER_APPICON_NAME = AppIcon;
				CODE_SIGN_STYLE = Automatic;
				DEVELOPMENT_TEAM = 5DU5SP7K29;
				INFOPLIST_FILE = Homepwner/Info.plist;
				LD_RUNPATH_SEARCH_PATHS = "$(inherited) @executable_path/Frameworks";
				PRODUCT_BUNDLE_IDENTIFIER = de.Homepwner;
				PRODUCT_NAME = "$(TARGET_NAME)";
				TARGETED_DEVICE_FAMILY = "1,2";
			};
			name = Release;
		};
/* End XCBuildConfiguration section */

/* Begin XCConfigurationList section */
		1D6FBC3920C9085B00FF5675 /* Build configuration list for PBXProject "Homepwner" */ = {
			isa = XCConfigurationList;
			buildConfigurations = (
				1D6FBC5220C9085B00FF5675 /* Debug */,
				1D6FBC5320C9085B00FF5675 /* Release */,
			);
			defaultConfigurationIsVisible = 0;
			defaultConfigurationName = Release;
		};
		1D6FBC5420C9085B00FF5675 /* Build configuration list for PBXNativeTarget "Homepwner" */ = {
			isa = XCConfigurationList;
			buildConfigurations = (
				1D6FBC5520C9085B00FF5675 /* Debug */,
				1D6FBC5620C9085B00FF5675 /* Release */,
			);
			defaultConfigurationIsVisible = 0;
			defaultConfigurationName = Release;
		};
/* End XCConfigurationList section */
	};
	rootObject = 1D6FBC3620C9085B00FF5675 /* Project object */;
}
